// !$*UTF8*$!
{
	archiveVersion = 1;
	classes = {
	};
	objectVersion = 50;
	objects = {

/* Begin PBXBuildFile section */
		ACA4763E229690AE0095A097 /* AppDelegate.swift in Sources */ = {isa = PBXBuildFile; fileRef = ACA4763D229690AE0095A097 /* AppDelegate.swift */; };
		ACA47640229690AE0095A097 /* ViewController.swift in Sources */ = {isa = PBXBuildFile; fileRef = ACA4763F229690AE0095A097 /* ViewController.swift */; };
		ACA47643229690AE0095A097 /* Main.storyboard in Resources */ = {isa = PBXBuildFile; fileRef = ACA47641229690AE0095A097 /* Main.storyboard */; };
		ACA47645229690B00095A097 /* Assets.xcassets in Resources */ = {isa = PBXBuildFile; fileRef = ACA47644229690B00095A097 /* Assets.xcassets */; };
		ACA47648229690B00095A097 /* LaunchScreen.storyboard in Resources */ = {isa = PBXBuildFile; fileRef = ACA47646229690B00095A097 /* LaunchScreen.storyboard */; };
		ACA47650229691B90095A097 /* PDFViewController.swift in Sources */ = {isa = PBXBuildFile; fileRef = ACA4764F229691B90095A097 /* PDFViewController.swift */; };
		ACA47653229693200095A097 /* PDF_1.pdf in Resources */ = {isa = PBXBuildFile; fileRef = ACA47652229693200095A097 /* PDF_1.pdf */; };
/* End PBXBuildFile section */

/* Begin PBXFileReference section */
		ACA4763A229690AE0095A097 /* PDF_My_CV.app */ = {isa = PBXFileReference; explicitFileType = wrapper.application; includeInIndex = 0; path = PDF_My_CV.app; sourceTree = BUILT_PRODUCTS_DIR; };
		ACA4763D229690AE0095A097 /* AppDelegate.swift */ = {isa = PBXFileReference; lastKnownFileType = sourcecode.swift; path = AppDelegate.swift; sourceTree = "<group>"; };
		ACA4763F229690AE0095A097 /* ViewController.swift */ = {isa = PBXFileReference; lastKnownFileType = sourcecode.swift; path = ViewController.swift; sourceTree = "<group>"; };
		ACA47642229690AE0095A097 /* Base */ = {isa = PBXFileReference; lastKnownFileType = file.storyboard; name = Base; path = Base.lproj/Main.storyboard; sourceTree = "<group>"; };
		ACA47644229690B00095A097 /* Assets.xcassets */ = {isa = PBXFileReference; lastKnownFileType = folder.assetcatalog; path = Assets.xcassets; sourceTree = "<group>"; };
		ACA47647229690B00095A097 /* Base */ = {isa = PBXFileReference; lastKnownFileType = file.storyboard; name = Base; path = Base.lproj/LaunchScreen.storyboard; sourceTree = "<group>"; };
		ACA47649229690B00095A097 /* Info.plist */ = {isa = PBXFileReference; lastKnownFileType = text.plist.xml; path = Info.plist; sourceTree = "<group>"; };
		ACA4764F229691B90095A097 /* PDFViewController.swift */ = {isa = PBXFileReference; lastKnownFileType = sourcecode.swift; path = PDFViewController.swift; sourceTree = "<group>"; };
		ACA47652229693200095A097 /* PDF_1.pdf */ = {isa = PBXFileReference; lastKnownFileType = image.pdf; path = PDF_1.pdf; sourceTree = "<group>"; };
/* End PBXFileReference section */

/* Begin PBXFrameworksBuildPhase section */
		ACA47637229690AE0095A097 /* Frameworks */ = {
			isa = PBXFrameworksBuildPhase;
			buildActionMask = 2147483647;
			files = (
			);
			runOnlyForDeploymentPostprocessing = 0;
		};
/* End PBXFrameworksBuildPhase section */

/* Begin PBXGroup section */
		ACA47631229690AE0095A097 = {
			isa = PBXGroup;
			children = (
				ACA4763C229690AE0095A097 /* PDF_My_CV */,
				ACA4763B229690AE0095A097 /* Products */,
			);
			sourceTree = "<group>";
		};
		ACA4763B229690AE0095A097 /* Products */ = {
			isa = PBXGroup;
			children = (
				ACA4763A229690AE0095A097 /* PDF_My_CV.app */,
			);
			name = Products;
			sourceTree = "<group>";
		};
		ACA4763C229690AE0095A097 /* PDF_My_CV */ = {
			isa = PBXGroup;
			children = (
				ACA47651229692FE0095A097 /* PDF list */,
				ACA4763D229690AE0095A097 /* AppDelegate.swift */,
				ACA4763F229690AE0095A097 /* ViewController.swift */,
				ACA4764F229691B90095A097 /* PDFViewController.swift */,
				ACA47641229690AE0095A097 /* Main.storyboard */,
				ACA47644229690B00095A097 /* Assets.xcassets */,
				ACA47646229690B00095A097 /* LaunchScreen.storyboard */,
				ACA47649229690B00095A097 /* Info.plist */,
			);
			path = PDF_My_CV;
			sourceTree = "<group>";
		};
		ACA47651229692FE0095A097 /* PDF list */ = {
			isa = PBXGroup;
			children = (
				ACA47652229693200095A097 /* PDF_1.pdf */,
			);
			path = "PDF list";
			sourceTree = "<group>";
		};
/* End PBXGroup section */

/* Begin PBXNativeTarget section */
		ACA47639229690AE0095A097 /* PDF_My_CV */ = {
			isa = PBXNativeTarget;
			buildConfigurationList = ACA4764C229690B00095A097 /* Build configuration list for PBXNativeTarget "PDF_My_CV" */;
			buildPhases = (
				ACA47636229690AE0095A097 /* Sources */,
				ACA47637229690AE0095A097 /* Frameworks */,
				ACA47638229690AE0095A097 /* Resources */,
			);
			buildRules = (
			);
			dependencies = (
			);
			name = PDF_My_CV;
			productName = PDF_My_CV;
			productReference = ACA4763A229690AE0095A097 /* PDF_My_CV.app */;
			productType = "com.apple.product-type.application";
		};
/* End PBXNativeTarget section */

/* Begin PBXProject section */
		ACA47632229690AE0095A097 /* Project object */ = {
			isa = PBXProject;
			attributes = {
				LastSwiftUpdateCheck = 1010;
				LastUpgradeCheck = 1010;
				ORGANIZATIONNAME = "Home Developer";
				TargetAttributes = {
					ACA47639229690AE0095A097 = {
						CreatedOnToolsVersion = 10.1;
					};
				};
			};
			buildConfigurationList = ACA47635229690AE0095A097 /* Build configuration list for PBXProject "PDF_My_CV" */;
			compatibilityVersion = "Xcode 9.3";
			developmentRegion = en;
			hasScannedForEncodings = 0;
			knownRegions = (
				en,
				Base,
			);
			mainGroup = ACA47631229690AE0095A097;
			productRefGroup = ACA4763B229690AE0095A097 /* Products */;
			projectDirPath = "";
			projectRoot = "";
			targets = (
				ACA47639229690AE0095A097 /* PDF_My_CV */,
			);
		};
/* End PBXProject section */

/* Begin PBXResourcesBuildPhase section */
		ACA47638229690AE0095A097 /* Resources */ = {
			isa = PBXResourcesBuildPhase;
			buildActionMask = 2147483647;
			files = (
				ACA47648229690B00095A097 /* LaunchScreen.storyboard in Resources */,
				ACA47645229690B00095A097 /* Assets.xcassets in Resources */,
				ACA47643229690AE0095A097 /* Main.storyboard in Resources */,
				ACA47653229693200095A097 /* PDF_1.pdf in Resources */,
			);
			runOnlyForDeploymentPostprocessing = 0;
		};
/* End PBXResourcesBuildPhase section */

/* Begin PBXSourcesBuildPhase section */
		ACA47636229690AE0095A097 /* Sources */ = {
			isa = PBXSourcesBuildPhase;
			buildActionMask = 2147483647;
			files = (
				ACA47650229691B90095A097 /* PDFViewController.swift in Sources */,
				ACA47640229690AE0095A097 /* ViewController.swift in Sources */,
				ACA4763E229690AE0095A097 /* AppDelegate.swift in Sources */,
			);
			runOnlyForDeploymentPostprocessing = 0;
		};
/* End PBXSourcesBuildPhase section */

/* Begin PBXVariantGroup section */
		ACA47641229690AE0095A097 /* Main.storyboard */ = {
			isa = PBXVariantGroup;
			children = (
				ACA47642229690AE0095A097 /* Base */,
			);
			name = Main.storyboard;
			sourceTree = "<group>";
		};
		ACA47646229690B00095A097 /* LaunchScreen.storyboard */ = {
			isa = PBXVariantGroup;
			children = (
				ACA47647229690B00095A097 /* Base */,
			);
			name = LaunchScreen.storyboard;
			sourceTree = "<group>";
		};
/* End PBXVariantGroup section */

/* Begin XCBuildConfiguration section */
		ACA4764A229690B00095A097 /* Debug */ = {
			isa = XCBuildConfiguration;
			buildSettings = {
				ALWAYS_SEARCH_USER_PATHS = NO;
				CLANG_ANALYZER_NONNULL = YES;
				CLANG_ANALYZER_NUMBER_OBJECT_CONVERSION = YES_AGGRESSIVE;
				CLANG_CXX_LANGUAGE_STANDARD = "gnu++14";
				CLANG_CXX_LIBRARY = "libc++";
				CLANG_ENABLE_MODULES = YES;
				CLANG_ENABLE_OBJC_ARC = YES;
				CLANG_ENABLE_OBJC_WEAK = YES;
				CLANG_WARN_BLOCK_CAPTURE_AUTORELEASING = YES;
				CLANG_WARN_BOOL_CONVERSION = YES;
				CLANG_WARN_COMMA = YES;
				CLANG_WARN_CONSTANT_CONVERSION = YES;
				CLANG_WARN_DEPRECATED_OBJC_IMPLEMENTATIONS = YES;
				CLANG_WARN_DIRECT_OBJC_ISA_USAGE = YES_ERROR;
				CLANG_WARN_DOCUMENTATION_COMMENTS = YES;
				CLANG_WARN_EMPTY_BODY = YES;
				CLANG_WARN_ENUM_CONVERSION = YES;
				CLANG_WARN_INFINITE_RECURSION = YES;
				CLANG_WARN_INT_CONVERSION = YES;
				CLANG_WARN_NON_LITERAL_NULL_CONVERSION = YES;
				CLANG_WARN_OBJC_IMPLICIT_RETAIN_SELF = YES;
				CLANG_WARN_OBJC_LITERAL_CONVERSION = YES;
				CLANG_WARN_OBJC_ROOT_CLASS = YES_ERROR;
				CLANG_WARN_RANGE_LOOP_ANALYSIS = YES;
				CLANG_WARN_STRICT_PROTOTYPES = YES;
				CLANG_WARN_SUSPICIOUS_MOVE = YES;
				CLANG_WARN_UNGUARDED_AVAILABILITY = YES_AGGRESSIVE;
				CLANG_WARN_UNREACHABLE_CODE = YES;
				CLANG_WARN__DUPLICATE_METHOD_MATCH = YES;
				CODE_SIGN_IDENTITY = "iPhone Developer";
				COPY_PHASE_STRIP = NO;
				DEBUG_INFORMATION_FORMAT = dwarf;
				ENABLE_STRICT_OBJC_MSGSEND = YES;
				ENABLE_TESTABILITY = YES;
				GCC_C_LANGUAGE_STANDARD = gnu11;
				GCC_DYNAMIC_NO_PIC = NO;
				GCC_NO_COMMON_BLOCKS = YES;
				GCC_OPTIMIZATION_LEVEL = 0;
				GCC_PREPROCESSOR_DEFINITIONS = (
					"DEBUG=1",
					"$(inherited)",
				);
				GCC_WARN_64_TO_32_BIT_CONVERSION = YES;
				GCC_WARN_ABOUT_RETURN_TYPE = YES_ERROR;
				GCC_WARN_UNDECLARED_SELECTOR = YES;
				GCC_WARN_UNINITIALIZED_AUTOS = YES_AGGRESSIVE;
				GCC_WARN_UNUSED_FUNCTION = YES;
				GCC_WARN_UNUSED_VARIABLE = YES;
				IPHONEOS_DEPLOYMENT_TARGET = 12.1;
				MTL_ENABLE_DEBUG_INFO = INCLUDE_SOURCE;
				MTL_FAST_MATH = YES;
				ONLY_ACTIVE_ARCH = YES;
				SDKROOT = iphoneos;
				SWIFT_ACTIVE_COMPILATION_CONDITIONS = DEBUG;
				SWIFT_OPTIMIZATION_LEVEL = "-Onone";
			};
			name = Debug;
		};
		ACA4764B229690B00095A097 /* Release */ = {
			isa = XCBuildConfiguration;
			buildSettings = {
				ALWAYS_SEARCH_USER_PATHS = NO;
				CLANG_ANALYZER_NONNULL = YES;
				CLANG_ANALYZER_NUMBER_OBJECT_CONVERSION = YES_AGGRESSIVE;
				CLANG_CXX_LANGUAGE_STANDARD = "gnu++14";
				CLANG_CXX_LIBRARY = "libc++";
				CLANG_ENABLE_MODULES = YES;
				CLANG_ENABLE_OBJC_ARC = YES;
				CLANG_ENABLE_OBJC_WEAK = YES;
				CLANG_WARN_BLOCK_CAPTURE_AUTORELEASING = YES;
				CLANG_WARN_BOOL_CONVERSION = YES;
				CLANG_WARN_COMMA = YES;
				CLANG_WARN_CONSTANT_CONVERSION = YES;
				CLANG_WARN_DEPRECATED_OBJC_IMPLEMENTATIONS = YES;
				CLANG_WARN_DIRECT_OBJC_ISA_USAGE = YES_ERROR;
				CLANG_WARN_DOCUMENTATION_COMMENTS = YES;
				CLANG_WARN_EMPTY_BODY = YES;
				CLANG_WARN_ENUM_CONVERSION = YES;
				CLANG_WARN_INFINITE_RECURSION = YES;
				CLANG_WARN_INT_CONVERSION = YES;
				CLANG_WARN_NON_LITERAL_NULL_CONVERSION = YES;
				CLANG_WARN_OBJC_IMPLICIT_RETAIN_SELF = YES;
				CLANG_WARN_OBJC_LITERAL_CONVERSION = YES;
				CLANG_WARN_OBJC_ROOT_CLASS = YES_ERROR;
				CLANG_WARN_RANGE_LOOP_ANALYSIS = YES;
				CLANG_WARN_STRICT_PROTOTYPES = YES;
				CLANG_WARN_SUSPICIOUS_MOVE = YES;
				CLANG_WARN_UNGUARDED_AVAILABILITY = YES_AGGRESSIVE;
				CLANG_WARN_UNREACHABLE_CODE = YES;
				CLANG_WARN__DUPLICATE_METHOD_MATCH = YES;
				CODE_SIGN_IDENTITY = "iPhone Developer";
				COPY_PHASE_STRIP = NO;
				DEBUG_INFORMATION_FORMAT = "dwarf-with-dsym";
				ENABLE_NS_ASSERTIONS = NO;
				ENABLE_STRICT_OBJC_MSGSEND = YES;
				GCC_C_LANGUAGE_STANDARD = gnu11;
				GCC_NO_COMMON_BLOCKS = YES;
				GCC_WARN_64_TO_32_BIT_CONVERSION = YES;
				GCC_WARN_ABOUT_RETURN_TYPE = YES_ERROR;
				GCC_WARN_UNDECLARED_SELECTOR = YES;
				GCC_WARN_UNINITIALIZED_AUTOS = YES_AGGRESSIVE;
				GCC_WARN_UNUSED_FUNCTION = YES;
				GCC_WARN_UNUSED_VARIABLE = YES;
				IPHONEOS_DEPLOYMENT_TARGET = 12.1;
				MTL_ENABLE_DEBUG_INFO = NO;
				MTL_FAST_MATH = YES;
				SDKROOT = iphoneos;
				SWIFT_COMPILATION_MODE = wholemodule;
				SWIFT_OPTIMIZATION_LEVEL = "-O";
				VALIDATE_PRODUCT = YES;
			};
			name = Release;
		};
		ACA4764D229690B00095A097 /* Debug */ = {
			isa = XCBuildConfiguration;
			buildSettings = {
				ASSETCATALOG_COMPILER_APPICON_NAME = AppIcon;
				CODE_SIGN_STYLE = Automatic;
				DEVELOPMENT_TEAM = 49RNPH4XND;
				INFOPLIST_FILE = PDF_My_CV/Info.plist;
				LD_RUNPATH_SEARCH_PATHS = (
					"$(inherited)",
					"@executable_path/Frameworks",
				);
				PRODUCT_BUNDLE_IDENTIFIER = "AKHD.PDF-My-CV";
				PRODUCT_NAME = "$(TARGET_NAME)";
				SWIFT_VERSION = 4.2;
				TARGETED_DEVICE_FAMILY = "1,2";
			};
			name = Debug;
		};
		ACA4764E229690B00095A097 /* Release */ = {
			isa = XCBuildConfiguration;
			buildSettings = {
				ASSETCATALOG_COMPILER_APPICON_NAME = AppIcon;
				CODE_SIGN_STYLE = Automatic;
				DEVELOPMENT_TEAM = 49RNPH4XND;
				INFOPLIST_FILE = PDF_My_CV/Info.plist;
				LD_RUNPATH_SEARCH_PATHS = (
					"$(inherited)",
					"@executable_path/Frameworks",
				);
				PRODUCT_BUNDLE_IDENTIFIER = "AKHD.PDF-My-CV";
				PRODUCT_NAME = "$(TARGET_NAME)";
				SWIFT_VERSION = 4.2;
				TARGETED_DEVICE_FAMILY = "1,2";
			};
			name = Release;
		};
/* End XCBuildConfiguration section */

/* Begin XCConfigurationList section */
		ACA47635229690AE0095A097 /* Build configuration list for PBXProject "PDF_My_CV" */ = {
			isa = XCConfigurationList;
			buildConfigurations = (
				ACA4764A229690B00095A097 /* Debug */,
				ACA4764B229690B00095A097 /* Release */,
			);
			defaultConfigurationIsVisible = 0;
			defaultConfigurationName = Release;
		};
		ACA4764C229690B00095A097 /* Build configuration list for PBXNativeTarget "PDF_My_CV" */ = {
			isa = XCConfigurationList;
			buildConfigurations = (
				ACA4764D229690B00095A097 /* Debug */,
				ACA4764E229690B00095A097 /* Release */,
			);
			defaultConfigurationIsVisible = 0;
			defaultConfigurationName = Release;
		};
/* End XCConfigurationList section */
	};
	rootObject = ACA47632229690AE0095A097 /* Project object */;
}
